<?xml version="1.0" encoding="utf-8"?>
<Project ToolsVersion="14.0" xmlns="http://schemas.microsoft.com/developer/msbuild/2003">
  <ItemGroup>
    <Filter Include="Source Files">
      <UniqueIdentifier>{CCF872C0-43EC-492A-BBE8-B615AF873C37}</UniqueIdentifier>
    </Filter>
  </ItemGroup>
  <ItemGroup>
    <ClCompile Include="src\nupic\algorithms\BitHistory.cpp">
      <Filter>Source Files</Filter>
    </ClCompile>
    <ClCompile Include="src\nupic\ntypes\ArrayBase.cpp">
      <Filter>Source Files</Filter>
    </ClCompile>
    <ClCompile Include="src\nupic\types\BasicType.cpp">
      <Filter>Source Files</Filter>
    </ClCompile>
    <ClCompile Include="src\nupic\ntypes\Buffer.cpp">
      <Filter>Source Files</Filter>
    </ClCompile>
    <ClCompile Include="src\nupic\ntypes\BundleIO.cpp">
      <Filter>Source Files</Filter>
    </ClCompile>
    <ClCompile Include="src\nupic\algorithms\Cell.cpp">
      <Filter>Source Files</Filter>
    </ClCompile>
    <ClCompile Include="src\nupic\algorithms\Cells4.cpp">
      <Filter>Source Files</Filter>
    </ClCompile>
    <ClCompile Include="src\nupic\algorithms\ClassifierResult.cpp">
      <Filter>Source Files</Filter>
    </ClCompile>
    <ClCompile Include="src\nupic\ntypes\Collection.cpp">
      <Filter>Source Files</Filter>
    </ClCompile>
    <ClCompile Include="src\nupic\engine\Collections.cpp">
      <Filter>Source Files</Filter>
    </ClCompile>
    <ClCompile Include="src\nupic\algorithms\CondProbTable.cpp">
      <Filter>Source Files</Filter>
    </ClCompile>
    <ClCompile Include="src\nupic\algorithms\Connections.cpp">
      <Filter>Source Files</Filter>
    </ClCompile>
    <ClCompile Include="src\nupic\ntypes\Dimensions.cpp">
      <Filter>Source Files</Filter>
    </ClCompile>
    <ClCompile Include="src\nupic\os\Directory.cpp">
      <Filter>Source Files</Filter>
    </ClCompile>
    <ClCompile Include="src\nupic\os\DynamicLibrary.cpp">
      <Filter>Source Files</Filter>
    </ClCompile>
    <ClCompile Include="src\nupic\os\Env.cpp">
      <Filter>Source Files</Filter>
    </ClCompile>
    <ClCompile Include="src\nupic\algorithms\FastClaClassifier.cpp">
      <Filter>Source Files</Filter>
    </ClCompile>
    <ClCompile Include="src\nupic\types\Fraction.cpp">
      <Filter>Source Files</Filter>
    </ClCompile>
    <ClCompile Include="src\nupic\os\FStream.cpp">
      <Filter>Source Files</Filter>
    </ClCompile>
    <ClCompile Include="src\nupic\algorithms\GaborNode.cpp">
      <Filter>Source Files</Filter>
    </ClCompile>
    <ClCompile Include="src\nupic\algorithms\ImageSensorLite.cpp">
      <Filter>Source Files</Filter>
    </ClCompile>
    <ClCompile Include="src\nupic\engine\Input.cpp">
      <Filter>Source Files</Filter>
    </ClCompile>
    <ClCompile Include="src\nupic\algorithms\InSynapse.cpp">
      <Filter>Source Files</Filter>
    </ClCompile>
    <ClCompile Include="src\nupic\algorithms\Linear.cpp">
      <Filter>Source Files</Filter>
    </ClCompile>
    <ClCompile Include="src\nupic\engine\Link.cpp">
      <Filter>Source Files</Filter>
    </ClCompile>
    <ClCompile Include="src\nupic\engine\LinkPolicyFactory.cpp">
      <Filter>Source Files</Filter>
    </ClCompile>
    <ClCompile Include="src\nupic\utils\LoggingException.cpp">
      <Filter>Source Files</Filter>
    </ClCompile>
    <ClCompile Include="src\nupic\utils\LogItem.cpp">
      <Filter>Source Files</Filter>
    </ClCompile>
    <ClCompile Include="src\nupic\ntypes\MemParser.cpp">
      <Filter>Source Files</Filter>
    </ClCompile>
    <ClCompile Include="src\nupic\engine\Network.cpp">
      <Filter>Source Files</Filter>
    </ClCompile>
    <ClCompile Include="src\nupic\engine\NuPIC.cpp">
      <Filter>Source Files</Filter>
    </ClCompile>
    <ClCompile Include="src\nupic\os\OS.cpp">
      <Filter>Source Files</Filter>
    </ClCompile>
    <ClCompile Include="src\nupic\os\OSUnix.cpp">
      <Filter>Source Files</Filter>
    </ClCompile>
    <ClCompile Include="src\nupic\os\OSWin.cpp">
      <Filter>Source Files</Filter>
    </ClCompile>
    <ClCompile Include="src\nupic\engine\Output.cpp">
      <Filter>Source Files</Filter>
    </ClCompile>
    <ClCompile Include="src\nupic\algorithms\OutSynapse.cpp">
      <Filter>Source Files</Filter>
    </ClCompile>
    <ClCompile Include="src\nupic\os\Path.cpp">
      <Filter>Source Files</Filter>
    </ClCompile>
    <ClCompile Include="src\nupic\utils\Random.cpp">
      <Filter>Source Files</Filter>
    </ClCompile>
    <ClCompile Include="src\nupic\os\Regex.cpp">
      <Filter>Source Files</Filter>
    </ClCompile>
    <ClCompile Include="src\nupic\engine\Region.cpp">
      <Filter>Source Files</Filter>
    </ClCompile>
    <ClCompile Include="src\nupic\engine\RegionImpl.cpp">
      <Filter>Source Files</Filter>
    </ClCompile>
    <ClCompile Include="src\nupic\engine\RegionImplFactory.cpp">
      <Filter>Source Files</Filter>
    </ClCompile>
    <ClCompile Include="src\nupic\engine\RegionIo.cpp">
      <Filter>Source Files</Filter>
    </ClCompile>
    <ClCompile Include="src\nupic\engine\RegionParameters.cpp">
      <Filter>Source Files</Filter>
    </ClCompile>
    <ClCompile Include="src\nupic\ntypes\Scalar.cpp">
      <Filter>Source Files</Filter>
    </ClCompile>
    <ClCompile Include="src\nupic\algorithms\Segment.cpp">
      <Filter>Source Files</Filter>
    </ClCompile>
    <ClCompile Include="src\nupic\algorithms\SegmentUpdate.cpp">
      <Filter>Source Files</Filter>
    </ClCompile>
    <ClCompile Include="src\nupic\math\SparseMatrixAlgorithms.cpp">
      <Filter>Source Files</Filter>
    </ClCompile>
    <ClCompile Include="src\nupic\algorithms\SpatialPooler.cpp">
      <Filter>Source Files</Filter>
    </ClCompile>
    <ClCompile Include="src\nupic\engine\Spec.cpp">
      <Filter>Source Files</Filter>
    </ClCompile>
    <ClCompile Include="src\nupic\math\StlIo.cpp">
      <Filter>Source Files</Filter>
    </ClCompile>
    <ClCompile Include="src\nupic\utils\StringUtils.cpp">
      <Filter>Source Files</Filter>
    </ClCompile>
    <ClCompile Include="src\nupic\algorithms\Svm.cpp">
      <Filter>Source Files</Filter>
    </ClCompile>
    <ClCompile Include="src\nupic\test\Tester.cpp">
      <Filter>Source Files</Filter>
    </ClCompile>
    <ClCompile Include="src\nupic\engine\TestFanIn2LinkPolicy.cpp">
      <Filter>Source Files</Filter>
    </ClCompile>
    <ClCompile Include="src\nupic\engine\TestNode.cpp">
      <Filter>Source Files</Filter>
    </ClCompile>
    <ClCompile Include="src\nupic\os\Timer.cpp">
      <Filter>Source Files</Filter>
    </ClCompile>
    <ClCompile Include="src\nupic\utils\TRandom.cpp">
      <Filter>Source Files</Filter>
    </ClCompile>
    <ClCompile Include="src\nupic\engine\UniformLinkPolicy.cpp">
      <Filter>Source Files</Filter>
    </ClCompile>
    <ClCompile Include="src\nupic\ntypes\Value.cpp">
      <Filter>Source Files</Filter>
    </ClCompile>
    <ClCompile Include="src\nupic\regions\VectorFile.cpp">
      <Filter>Source Files</Filter>
    </ClCompile>
    <ClCompile Include="src\nupic\regions\VectorFileEffector.cpp">
      <Filter>Source Files</Filter>
    </ClCompile>
    <ClCompile Include="src\nupic\regions\VectorFileSensor.cpp">
      <Filter>Source Files</Filter>
    </ClCompile>
    <ClCompile Include="src\nupic\utils\Watcher.cpp">
      <Filter>Source Files</Filter>
    </ClCompile>
    <ClCompile Include="src\nupic\engine\YAMLUtils.cpp">
      <Filter>Source Files</Filter>
    </ClCompile>
  </ItemGroup>
  <ItemGroup>
    <None Include="src\nupic\proto\BitHistory.capnp.c++">
      <Filter>Source Files</Filter>
    </None>
    <None Include="src\nupic\proto\ClaClassifier.capnp.c++">
      <Filter>Source Files</Filter>
    </None>
    <None Include="src\nupic\proto\RandomProto.capnp.c++">
      <Filter>Source Files</Filter>
    </None>
    <None Include="src\nupic\proto\SparseBinaryMatrixProto.capnp.c++">
      <Filter>Source Files</Filter>
    </None>
    <None Include="src\nupic\proto\SparseMatrixProto.capnp.c++">
      <Filter>Source Files</Filter>
    </None>
    <None Include="src\nupic\proto\SpatialPoolerProto.capnp.c++">
      <Filter>Source Files</Filter>
    </None>
  </ItemGroup>
</Project>